
Microsoft Visual Studio Solution File, Format Version 12.00
# Visual Studio 15
VisualStudioVersion = 15.0.27703.2042
MinimumVisualStudioVersion = 10.0.40219.1
Project("{9A19103F-16F7-4668-BE54-9A1E7A4F7556}") = "Vigenere", "Vigenere\Vigenere.csproj", "{DE95B733-0891-4B6D-9B7C-CBC618B21B4E}"
EndProject
Project("{9A19103F-16F7-4668-BE54-9A1E7A4F7556}") = "Vigenere.Cli", "Vigenere.Cli\Vigenere.Cli.csproj", "{F26C6E2E-8151-4A37-B9DE-0E56AAE8D7AD}"
EndProject
Global
	GlobalSection(SolutionConfigurationPlatforms) = preSolution
		Debug|Any CPU = Debug|Any CPU
		Release|Any CPU = Release|Any CPU
	EndGlobalSection
	GlobalSection(ProjectConfigurationPlatforms) = postSolution
		{DE95B733-0891-4B6D-9B7C-CBC618B21B4E}.Debug|Any CPU.ActiveCfg = Debug|Any CPU
		{DE95B733-0891-4B6D-9B7C-CBC618B21B4E}.Debug|Any CPU.Build.0 = Debug|Any CPU
		{DE95B733-0891-4B6D-9B7C-CBC618B21B4E}.Release|Any CPU.ActiveCfg = Release|Any CPU
		{DE95B733-0891-4B6D-9B7C-CBC618B21B4E}.Release|Any CPU.Build.0 = Release|Any CPU
		{F26C6E2E-8151-4A37-B9DE-0E56AAE8D7AD}.Debug|Any CPU.ActiveCfg = Debug|Any CPU
		{F26C6E2E-8151-4A37-B9DE-0E56AAE8D7AD}.Debug|Any CPU.Build.0 = Debug|Any CPU
		{F26C6E2E-8151-4A37-B9DE-0E56AAE8D7AD}.Release|Any CPU.ActiveCfg = Release|Any CPU
		{F26C6E2E-8151-4A37-B9DE-0E56AAE8D7AD}.Release|Any CPU.Build.0 = Release|Any CPU
	EndGlobalSection
	GlobalSection(SolutionProperties) = preSolution
		HideSolutionNode = FALSE
	EndGlobalSection
	GlobalSection(ExtensibilityGlobals) = postSolution
		SolutionGuid = {CACF3B55-67F8-434F-849C-F828F38D7FC5}
	EndGlobalSection
EndGlobal
